// !$*UTF8*$!
{
	archiveVersion = 1;
	classes = {
	};
	objectVersion = 46;
	objects = {

/* Begin PBXBuildFile section */
		978D2AEE1889068600DFDBE0 /* TodoListViewController.m in Sources */ = {isa = PBXBuildFile; fileRef = 978D2AED1889068600DFDBE0 /* TodoListViewController.m */; };
		978D2AF2188916B800DFDBE0 /* EditableCell.m in Sources */ = {isa = PBXBuildFile; fileRef = 978D2AF1188916B800DFDBE0 /* EditableCell.m */; };
		97CB68BC1888FF2A00520140 /* Foundation.framework in Frameworks */ = {isa = PBXBuildFile; fileRef = 97CB68BB1888FF2A00520140 /* Foundation.framework */; };
		97CB68BE1888FF2A00520140 /* CoreGraphics.framework in Frameworks */ = {isa = PBXBuildFile; fileRef = 97CB68BD1888FF2A00520140 /* CoreGraphics.framework */; };
		97CB68C01888FF2A00520140 /* UIKit.framework in Frameworks */ = {isa = PBXBuildFile; fileRef = 97CB68BF1888FF2A00520140 /* UIKit.framework */; };
		97CB68C61888FF2A00520140 /* InfoPlist.strings in Resources */ = {isa = PBXBuildFile; fileRef = 97CB68C41888FF2A00520140 /* InfoPlist.strings */; };
		97CB68C81888FF2A00520140 /* main.m in Sources */ = {isa = PBXBuildFile; fileRef = 97CB68C71888FF2A00520140 /* main.m */; };
		97CB68CC1888FF2A00520140 /* AppDelegate.m in Sources */ = {isa = PBXBuildFile; fileRef = 97CB68CB1888FF2A00520140 /* AppDelegate.m */; };
		97CB68CF1888FF2A00520140 /* Main_iPhone.storyboard in Resources */ = {isa = PBXBuildFile; fileRef = 97CB68CD1888FF2A00520140 /* Main_iPhone.storyboard */; };
		97CB68D21888FF2A00520140 /* Main_iPad.storyboard in Resources */ = {isa = PBXBuildFile; fileRef = 97CB68D01888FF2A00520140 /* Main_iPad.storyboard */; };
		97CB68D51888FF2A00520140 /* ViewController.m in Sources */ = {isa = PBXBuildFile; fileRef = 97CB68D41888FF2A00520140 /* ViewController.m */; };
		97CB68D71888FF2A00520140 /* Images.xcassets in Resources */ = {isa = PBXBuildFile; fileRef = 97CB68D61888FF2A00520140 /* Images.xcassets */; };
		97CB68DE1888FF2A00520140 /* XCTest.framework in Frameworks */ = {isa = PBXBuildFile; fileRef = 97CB68DD1888FF2A00520140 /* XCTest.framework */; };
		97CB68DF1888FF2A00520140 /* Foundation.framework in Frameworks */ = {isa = PBXBuildFile; fileRef = 97CB68BB1888FF2A00520140 /* Foundation.framework */; };
		97CB68E01888FF2A00520140 /* UIKit.framework in Frameworks */ = {isa = PBXBuildFile; fileRef = 97CB68BF1888FF2A00520140 /* UIKit.framework */; };
		97CB68E81888FF2A00520140 /* InfoPlist.strings in Resources */ = {isa = PBXBuildFile; fileRef = 97CB68E61888FF2A00520140 /* InfoPlist.strings */; };
		97CB68EA1888FF2A00520140 /* todoappTests.m in Sources */ = {isa = PBXBuildFile; fileRef = 97CB68E91888FF2A00520140 /* todoappTests.m */; };
/* End PBXBuildFile section */

/* Begin PBXContainerItemProxy section */
		97CB68E11888FF2A00520140 /* PBXContainerItemProxy */ = {
			isa = PBXContainerItemProxy;
			containerPortal = 97CB68B01888FF2A00520140 /* Project object */;
			proxyType = 1;
			remoteGlobalIDString = 97CB68B71888FF2A00520140;
			remoteInfo = todoapp;
		};
/* End PBXContainerItemProxy section */

/* Begin PBXFileReference section */
		978D2AEC1889068600DFDBE0 /* TodoListViewController.h */ = {isa = PBXFileReference; fileEncoding = 4; lastKnownFileType = sourcecode.c.h; name = TodoListViewController.h; path = controller/TodoListViewController.h; sourceTree = "<group>"; };
		978D2AED1889068600DFDBE0 /* TodoListViewController.m */ = {isa = PBXFileReference; fileEncoding = 4; lastKnownFileType = sourcecode.c.objc; name = TodoListViewController.m; path = controller/TodoListViewController.m; sourceTree = "<group>"; };
		978D2AF0188916B800DFDBE0 /* EditableCell.h */ = {isa = PBXFileReference; fileEncoding = 4; lastKnownFileType = sourcecode.c.h; name = EditableCell.h; path = model/EditableCell.h; sourceTree = "<group>"; };
		978D2AF1188916B800DFDBE0 /* EditableCell.m */ = {isa = PBXFileReference; fileEncoding = 4; lastKnownFileType = sourcecode.c.objc; name = EditableCell.m; path = model/EditableCell.m; sourceTree = "<group>"; };
		97CB68B81888FF2A00520140 /* todoapp.app */ = {isa = PBXFileReference; explicitFileType = wrapper.application; includeInIndex = 0; path = todoapp.app; sourceTree = BUILT_PRODUCTS_DIR; };
		97CB68BB1888FF2A00520140 /* Foundation.framework */ = {isa = PBXFileReference; lastKnownFileType = wrapper.framework; name = Foundation.framework; path = System/Library/Frameworks/Foundation.framework; sourceTree = SDKROOT; };
		97CB68BD1888FF2A00520140 /* CoreGraphics.framework */ = {isa = PBXFileReference; lastKnownFileType = wrapper.framework; name = CoreGraphics.framework; path = System/Library/Frameworks/CoreGraphics.framework; sourceTree = SDKROOT; };
		97CB68BF1888FF2A00520140 /* UIKit.framework */ = {isa = PBXFileReference; lastKnownFileType = wrapper.framework; name = UIKit.framework; path = System/Library/Frameworks/UIKit.framework; sourceTree = SDKROOT; };
		97CB68C31888FF2A00520140 /* todoapp-Info.plist */ = {isa = PBXFileReference; lastKnownFileType = text.plist.xml; path = "todoapp-Info.plist"; sourceTree = "<group>"; };
		97CB68C51888FF2A00520140 /* en */ = {isa = PBXFileReference; lastKnownFileType = text.plist.strings; name = en; path = en.lproj/InfoPlist.strings; sourceTree = "<group>"; };
		97CB68C71888FF2A00520140 /* main.m */ = {isa = PBXFileReference; lastKnownFileType = sourcecode.c.objc; path = main.m; sourceTree = "<group>"; };
		97CB68C91888FF2A00520140 /* todoapp-Prefix.pch */ = {isa = PBXFileReference; lastKnownFileType = sourcecode.c.h; path = "todoapp-Prefix.pch"; sourceTree = "<group>"; };
		97CB68CA1888FF2A00520140 /* AppDelegate.h */ = {isa = PBXFileReference; lastKnownFileType = sourcecode.c.h; path = AppDelegate.h; sourceTree = "<group>"; };
		97CB68CB1888FF2A00520140 /* AppDelegate.m */ = {isa = PBXFileReference; lastKnownFileType = sourcecode.c.objc; path = AppDelegate.m; sourceTree = "<group>"; };
		97CB68CE1888FF2A00520140 /* Base */ = {isa = PBXFileReference; lastKnownFileType = file.storyboard; name = Base; path = Base.lproj/Main_iPhone.storyboard; sourceTree = "<group>"; };
		97CB68D11888FF2A00520140 /* Base */ = {isa = PBXFileReference; lastKnownFileType = file.storyboard; name = Base; path = Base.lproj/Main_iPad.storyboard; sourceTree = "<group>"; };
		97CB68D31888FF2A00520140 /* ViewController.h */ = {isa = PBXFileReference; lastKnownFileType = sourcecode.c.h; path = ViewController.h; sourceTree = "<group>"; };
		97CB68D41888FF2A00520140 /* ViewController.m */ = {isa = PBXFileReference; lastKnownFileType = sourcecode.c.objc; path = ViewController.m; sourceTree = "<group>"; };
		97CB68D61888FF2A00520140 /* Images.xcassets */ = {isa = PBXFileReference; lastKnownFileType = folder.assetcatalog; path = Images.xcassets; sourceTree = "<group>"; };
		97CB68DC1888FF2A00520140 /* todoappTests.xctest */ = {isa = PBXFileReference; explicitFileType = wrapper.cfbundle; includeInIndex = 0; path = todoappTests.xctest; sourceTree = BUILT_PRODUCTS_DIR; };
		97CB68DD1888FF2A00520140 /* XCTest.framework */ = {isa = PBXFileReference; lastKnownFileType = wrapper.framework; name = XCTest.framework; path = Library/Frameworks/XCTest.framework; sourceTree = DEVELOPER_DIR; };
		97CB68E51888FF2A00520140 /* todoappTests-Info.plist */ = {isa = PBXFileReference; lastKnownFileType = text.plist.xml; path = "todoappTests-Info.plist"; sourceTree = "<group>"; };
		97CB68E71888FF2A00520140 /* en */ = {isa = PBXFileReference; lastKnownFileType = text.plist.strings; name = en; path = en.lproj/InfoPlist.strings; sourceTree = "<group>"; };
		97CB68E91888FF2A00520140 /* todoappTests.m */ = {isa = PBXFileReference; lastKnownFileType = sourcecode.c.objc; path = todoappTests.m; sourceTree = "<group>"; };
/* End PBXFileReference section */

/* Begin PBXFrameworksBuildPhase section */
		97CB68B51888FF2A00520140 /* Frameworks */ = {
			isa = PBXFrameworksBuildPhase;
			buildActionMask = 2147483647;
			files = (
				97CB68BE1888FF2A00520140 /* CoreGraphics.framework in Frameworks */,
				97CB68C01888FF2A00520140 /* UIKit.framework in Frameworks */,
				97CB68BC1888FF2A00520140 /* Foundation.framework in Frameworks */,
			);
			runOnlyForDeploymentPostprocessing = 0;
		};
		97CB68D91888FF2A00520140 /* Frameworks */ = {
			isa = PBXFrameworksBuildPhase;
			buildActionMask = 2147483647;
			files = (
				97CB68DE1888FF2A00520140 /* XCTest.framework in Frameworks */,
				97CB68E01888FF2A00520140 /* UIKit.framework in Frameworks */,
				97CB68DF1888FF2A00520140 /* Foundation.framework in Frameworks */,
			);
			runOnlyForDeploymentPostprocessing = 0;
		};
/* End PBXFrameworksBuildPhase section */

/* Begin PBXGroup section */
		978D2AEF1889068F00DFDBE0 /* Controller */ = {
			isa = PBXGroup;
			children = (
				978D2AEC1889068600DFDBE0 /* TodoListViewController.h */,
				978D2AED1889068600DFDBE0 /* TodoListViewController.m */,
			);
			name = Controller;
			sourceTree = "<group>";
		};
		978D2AF3188916BD00DFDBE0 /* Model */ = {
			isa = PBXGroup;
			children = (
				978D2AF0188916B800DFDBE0 /* EditableCell.h */,
				978D2AF1188916B800DFDBE0 /* EditableCell.m */,
			);
			name = Model;
			sourceTree = "<group>";
		};
		97CB68AF1888FF2A00520140 = {
			isa = PBXGroup;
			children = (
				97CB68C11888FF2A00520140 /* todoapp */,
				97CB68E31888FF2A00520140 /* todoappTests */,
				97CB68BA1888FF2A00520140 /* Frameworks */,
				97CB68B91888FF2A00520140 /* Products */,
			);
			sourceTree = "<group>";
		};
		97CB68B91888FF2A00520140 /* Products */ = {
			isa = PBXGroup;
			children = (
				97CB68B81888FF2A00520140 /* todoapp.app */,
				97CB68DC1888FF2A00520140 /* todoappTests.xctest */,
			);
			name = Products;
			sourceTree = "<group>";
		};
		97CB68BA1888FF2A00520140 /* Frameworks */ = {
			isa = PBXGroup;
			children = (
				97CB68BB1888FF2A00520140 /* Foundation.framework */,
				97CB68BD1888FF2A00520140 /* CoreGraphics.framework */,
				97CB68BF1888FF2A00520140 /* UIKit.framework */,
				97CB68DD1888FF2A00520140 /* XCTest.framework */,
			);
			name = Frameworks;
			sourceTree = "<group>";
		};
		97CB68C11888FF2A00520140 /* todoapp */ = {
			isa = PBXGroup;
			children = (
				97CB68CA1888FF2A00520140 /* AppDelegate.h */,
				97CB68CB1888FF2A00520140 /* AppDelegate.m */,
				97CB68CD1888FF2A00520140 /* Main_iPhone.storyboard */,
				978D2AF3188916BD00DFDBE0 /* Model */,
				97CB68D01888FF2A00520140 /* Main_iPad.storyboard */,
				97CB68D31888FF2A00520140 /* ViewController.h */,
				978D2AEF1889068F00DFDBE0 /* Controller */,
				97CB68D41888FF2A00520140 /* ViewController.m */,
				97CB68D61888FF2A00520140 /* Images.xcassets */,
				97CB68C21888FF2A00520140 /* Supporting Files */,
			);
			path = todoapp;
			sourceTree = "<group>";
		};
		97CB68C21888FF2A00520140 /* Supporting Files */ = {
			isa = PBXGroup;
			children = (
				97CB68C31888FF2A00520140 /* todoapp-Info.plist */,
				97CB68C41888FF2A00520140 /* InfoPlist.strings */,
				97CB68C71888FF2A00520140 /* main.m */,
				97CB68C91888FF2A00520140 /* todoapp-Prefix.pch */,
			);
			name = "Supporting Files";
			sourceTree = "<group>";
		};
		97CB68E31888FF2A00520140 /* todoappTests */ = {
			isa = PBXGroup;
			children = (
				97CB68E91888FF2A00520140 /* todoappTests.m */,
				97CB68E41888FF2A00520140 /* Supporting Files */,
			);
			path = todoappTests;
			sourceTree = "<group>";
		};
		97CB68E41888FF2A00520140 /* Supporting Files */ = {
			isa = PBXGroup;
			children = (
				97CB68E51888FF2A00520140 /* todoappTests-Info.plist */,
				97CB68E61888FF2A00520140 /* InfoPlist.strings */,
			);
			name = "Supporting Files";
			sourceTree = "<group>";
		};
/* End PBXGroup section */

/* Begin PBXNativeTarget section */
		97CB68B71888FF2A00520140 /* todoapp */ = {
			isa = PBXNativeTarget;
			buildConfigurationList = 97CB68ED1888FF2A00520140 /* Build configuration list for PBXNativeTarget "todoapp" */;
			buildPhases = (
				97CB68B41888FF2A00520140 /* Sources */,
				97CB68B51888FF2A00520140 /* Frameworks */,
				97CB68B61888FF2A00520140 /* Resources */,
			);
			buildRules = (
			);
			dependencies = (
			);
			name = todoapp;
			productName = todoapp;
			productReference = 97CB68B81888FF2A00520140 /* todoapp.app */;
			productType = "com.apple.product-type.application";
		};
		97CB68DB1888FF2A00520140 /* todoappTests */ = {
			isa = PBXNativeTarget;
			buildConfigurationList = 97CB68F01888FF2A00520140 /* Build configuration list for PBXNativeTarget "todoappTests" */;
			buildPhases = (
				97CB68D81888FF2A00520140 /* Sources */,
				97CB68D91888FF2A00520140 /* Frameworks */,
				97CB68DA1888FF2A00520140 /* Resources */,
			);
			buildRules = (
			);
			dependencies = (
				97CB68E21888FF2A00520140 /* PBXTargetDependency */,
			);
			name = todoappTests;
			productName = todoappTests;
			productReference = 97CB68DC1888FF2A00520140 /* todoappTests.xctest */;
			productType = "com.apple.product-type.bundle.unit-test";
		};
/* End PBXNativeTarget section */

/* Begin PBXProject section */
		97CB68B01888FF2A00520140 /* Project object */ = {
			isa = PBXProject;
			attributes = {
				LastUpgradeCheck = 0500;
				ORGANIZATIONNAME = Rakhesh;
				TargetAttributes = {
					97CB68DB1888FF2A00520140 = {
						TestTargetID = 97CB68B71888FF2A00520140;
					};
				};
			};
			buildConfigurationList = 97CB68B31888FF2A00520140 /* Build configuration list for PBXProject "todoapp" */;
			compatibilityVersion = "Xcode 3.2";
			developmentRegion = English;
			hasScannedForEncodings = 0;
			knownRegions = (
				en,
				Base,
			);
			mainGroup = 97CB68AF1888FF2A00520140;
			productRefGroup = 97CB68B91888FF2A00520140 /* Products */;
			projectDirPath = "";
			projectRoot = "";
			targets = (
				97CB68B71888FF2A00520140 /* todoapp */,
				97CB68DB1888FF2A00520140 /* todoappTests */,
			);
		};
/* End PBXProject section */

/* Begin PBXResourcesBuildPhase section */
		97CB68B61888FF2A00520140 /* Resources */ = {
			isa = PBXResourcesBuildPhase;
			buildActionMask = 2147483647;
			files = (
				97CB68D21888FF2A00520140 /* Main_iPad.storyboard in Resources */,
				97CB68D71888FF2A00520140 /* Images.xcassets in Resources */,
				97CB68CF1888FF2A00520140 /* Main_iPhone.storyboard in Resources */,
				97CB68C61888FF2A00520140 /* InfoPlist.strings in Resources */,
			);
			runOnlyForDeploymentPostprocessing = 0;
		};
		97CB68DA1888FF2A00520140 /* Resources */ = {
			isa = PBXResourcesBuildPhase;
			buildActionMask = 2147483647;
			files = (
				97CB68E81888FF2A00520140 /* InfoPlist.strings in Resources */,
			);
			runOnlyForDeploymentPostprocessing = 0;
		};
/* End PBXResourcesBuildPhase section */

/* Begin PBXSourcesBuildPhase section */
		97CB68B41888FF2A00520140 /* Sources */ = {
			isa = PBXSourcesBuildPhase;
			buildActionMask = 2147483647;
			files = (
				978D2AF2188916B800DFDBE0 /* EditableCell.m in Sources */,
				978D2AEE1889068600DFDBE0 /* TodoListViewController.m in Sources */,
				97CB68D51888FF2A00520140 /* ViewController.m in Sources */,
				97CB68CC1888FF2A00520140 /* AppDelegate.m in Sources */,
				97CB68C81888FF2A00520140 /* main.m in Sources */,
			);
			runOnlyForDeploymentPostprocessing = 0;
		};
		97CB68D81888FF2A00520140 /* Sources */ = {
			isa = PBXSourcesBuildPhase;
			buildActionMask = 2147483647;
			files = (
				97CB68EA1888FF2A00520140 /* todoappTests.m in Sources */,
			);
			runOnlyForDeploymentPostprocessing = 0;
		};
/* End PBXSourcesBuildPhase section */

/* Begin PBXTargetDependency section */
		97CB68E21888FF2A00520140 /* PBXTargetDependency */ = {
			isa = PBXTargetDependency;
			target = 97CB68B71888FF2A00520140 /* todoapp */;
			targetProxy = 97CB68E11888FF2A00520140 /* PBXContainerItemProxy */;
		};
/* End PBXTargetDependency section */

/* Begin PBXVariantGroup section */
		97CB68C41888FF2A00520140 /* InfoPlist.strings */ = {
			isa = PBXVariantGroup;
			children = (
				97CB68C51888FF2A00520140 /* en */,
			);
			name = InfoPlist.strings;
			sourceTree = "<group>";
		};
		97CB68CD1888FF2A00520140 /* Main_iPhone.storyboard */ = {
			isa = PBXVariantGroup;
			children = (
				97CB68CE1888FF2A00520140 /* Base */,
			);
			name = Main_iPhone.storyboard;
			sourceTree = "<group>";
		};
		97CB68D01888FF2A00520140 /* Main_iPad.storyboard */ = {
			isa = PBXVariantGroup;
			children = (
				97CB68D11888FF2A00520140 /* Base */,
			);
			name = Main_iPad.storyboard;
			sourceTree = "<group>";
		};
		97CB68E61888FF2A00520140 /* InfoPlist.strings */ = {
			isa = PBXVariantGroup;
			children = (
				97CB68E71888FF2A00520140 /* en */,
			);
			name = InfoPlist.strings;
			sourceTree = "<group>";
		};
/* End PBXVariantGroup section */

/* Begin XCBuildConfiguration section */
		97CB68EB1888FF2A00520140 /* Debug */ = {
			isa = XCBuildConfiguration;
			buildSettings = {
				ALWAYS_SEARCH_USER_PATHS = NO;
				ARCHS = "$(ARCHS_STANDARD_INCLUDING_64_BIT)";
				CLANG_CXX_LANGUAGE_STANDARD = "gnu++0x";
				CLANG_CXX_LIBRARY = "libc++";
				CLANG_ENABLE_MODULES = YES;
				CLANG_ENABLE_OBJC_ARC = YES;
				CLANG_WARN_BOOL_CONVERSION = YES;
				CLANG_WARN_CONSTANT_CONVERSION = YES;
				CLANG_WARN_DIRECT_OBJC_ISA_USAGE = YES_ERROR;
				CLANG_WARN_EMPTY_BODY = YES;
				CLANG_WARN_ENUM_CONVERSION = YES;
				CLANG_WARN_INT_CONVERSION = YES;
				CLANG_WARN_OBJC_ROOT_CLASS = YES_ERROR;
				CLANG_WARN__DUPLICATE_METHOD_MATCH = YES;
				"CODE_SIGN_IDENTITY[sdk=iphoneos*]" = "iPhone Developer";
				COPY_PHASE_STRIP = NO;
				GCC_C_LANGUAGE_STANDARD = gnu99;
				GCC_DYNAMIC_NO_PIC = NO;
				GCC_OPTIMIZATION_LEVEL = 0;
				GCC_PREPROCESSOR_DEFINITIONS = (
					"DEBUG=1",
					"$(inherited)",
				);
				GCC_SYMBOLS_PRIVATE_EXTERN = NO;
				GCC_WARN_64_TO_32_BIT_CONVERSION = YES;
				GCC_WARN_ABOUT_RETURN_TYPE = YES_ERROR;
				GCC_WARN_UNDECLARED_SELECTOR = YES;
				GCC_WARN_UNINITIALIZED_AUTOS = YES;
				GCC_WARN_UNUSED_FUNCTION = YES;
				GCC_WARN_UNUSED_VARIABLE = YES;
				IPHONEOS_DEPLOYMENT_TARGET = 7.0;
				ONLY_ACTIVE_ARCH = YES;
				SDKROOT = iphoneos;
				TARGETED_DEVICE_FAMILY = "1,2";
			};
			name = Debug;
		};
		97CB68EC1888FF2A00520140 /* Release */ = {
			isa = XCBuildConfiguration;
			buildSettings = {
				ALWAYS_SEARCH_USER_PATHS = NO;
				ARCHS = "$(ARCHS_STANDARD_INCLUDING_64_BIT)";
				CLANG_CXX_LANGUAGE_STANDARD = "gnu++0x";
				CLANG_CXX_LIBRARY = "libc++";
				CLANG_ENABLE_MODULES = YES;
				CLANG_ENABLE_OBJC_ARC = YES;
				CLANG_WARN_BOOL_CONVERSION = YES;
				CLANG_WARN_CONSTANT_CONVERSION = YES;
				CLANG_WARN_DIRECT_OBJC_ISA_USAGE = YES_ERROR;
				CLANG_WARN_EMPTY_BODY = YES;
				CLANG_WARN_ENUM_CONVERSION = YES;
				CLANG_WARN_INT_CONVERSION = YES;
				CLANG_WARN_OBJC_ROOT_CLASS = YES_ERROR;
				CLANG_WARN__DUPLICATE_METHOD_MATCH = YES;
				"CODE_SIGN_IDENTITY[sdk=iphoneos*]" = "iPhone Developer";
				COPY_PHASE_STRIP = YES;
				ENABLE_NS_ASSERTIONS = NO;
				GCC_C_LANGUAGE_STANDARD = gnu99;
				GCC_WARN_64_TO_32_BIT_CONVERSION = YES;
				GCC_WARN_ABOUT_RETURN_TYPE = YES_ERROR;
				GCC_WARN_UNDECLARED_SELECTOR = YES;
				GCC_WARN_UNINITIALIZED_AUTOS = YES;
				GCC_WARN_UNUSED_FUNCTION = YES;
				GCC_WARN_UNUSED_VARIABLE = YES;
				IPHONEOS_DEPLOYMENT_TARGET = 7.0;
				SDKROOT = iphoneos;
				TARGETED_DEVICE_FAMILY = "1,2";
				VALIDATE_PRODUCT = YES;
			};
			name = Release;
		};
		97CB68EE1888FF2A00520140 /* Debug */ = {
			isa = XCBuildConfiguration;
			buildSettings = {
				ASSETCATALOG_COMPILER_APPICON_NAME = AppIcon;
				ASSETCATALOG_COMPILER_LAUNCHIMAGE_NAME = LaunchImage;
				GCC_PRECOMPILE_PREFIX_HEADER = YES;
				GCC_PREFIX_HEADER = "todoapp/todoapp-Prefix.pch";
				INFOPLIST_FILE = "todoapp/todoapp-Info.plist";
				PRODUCT_NAME = "$(TARGET_NAME)";
				WRAPPER_EXTENSION = app;
			};
			name = Debug;
		};
		97CB68EF1888FF2A00520140 /* Release */ = {
			isa = XCBuildConfiguration;
			buildSettings = {
				ASSETCATALOG_COMPILER_APPICON_NAME = AppIcon;
				ASSETCATALOG_COMPILER_LAUNCHIMAGE_NAME = LaunchImage;
				GCC_PRECOMPILE_PREFIX_HEADER = YES;
				GCC_PREFIX_HEADER = "todoapp/todoapp-Prefix.pch";
				INFOPLIST_FILE = "todoapp/todoapp-Info.plist";
				PRODUCT_NAME = "$(TARGET_NAME)";
				WRAPPER_EXTENSION = app;
			};
			name = Release;
		};
		97CB68F11888FF2A00520140 /* Debug */ = {
			isa = XCBuildConfiguration;
			buildSettings = {
				ARCHS = "$(ARCHS_STANDARD_INCLUDING_64_BIT)";
				BUNDLE_LOADER = "$(BUILT_PRODUCTS_DIR)/todoapp.app/todoapp";
				FRAMEWORK_SEARCH_PATHS = (
					"$(SDKROOT)/Developer/Library/Frameworks",
					"$(inherited)",
					"$(DEVELOPER_FRAMEWORKS_DIR)",
				);
				GCC_PRECOMPILE_PREFIX_HEADER = YES;
				GCC_PREFIX_HEADER = "todoapp/todoapp-Prefix.pch";
				GCC_PREPROCESSOR_DEFINITIONS = (
					"DEBUG=1",
					"$(inherited)",
				);
				INFOPLIST_FILE = "todoappTests/todoappTests-Info.plist";
				PRODUCT_NAME = "$(TARGET_NAME)";
				TEST_HOST = "$(BUNDLE_LOADER)";
				WRAPPER_EXTENSION = xctest;
			};
			name = Debug;
		};
		97CB68F21888FF2A00520140 /* Release */ = {
			isa = XCBuildConfiguration;
			buildSettings = {
				ARCHS = "$(ARCHS_STANDARD_INCLUDING_64_BIT)";
				BUNDLE_LOADER = "$(BUILT_PRODUCTS_DIR)/todoapp.app/todoapp";
				FRAMEWORK_SEARCH_PATHS = (
					"$(SDKROOT)/Developer/Library/Frameworks",
					"$(inherited)",
					"$(DEVELOPER_FRAMEWORKS_DIR)",
				);
				GCC_PRECOMPILE_PREFIX_HEADER = YES;
				GCC_PREFIX_HEADER = "todoapp/todoapp-Prefix.pch";
				INFOPLIST_FILE = "todoappTests/todoappTests-Info.plist";
				PRODUCT_NAME = "$(TARGET_NAME)";
				TEST_HOST = "$(BUNDLE_LOADER)";
				WRAPPER_EXTENSION = xctest;
			};
			name = Release;
		};
/* End XCBuildConfiguration section */

/* Begin XCConfigurationList section */
		97CB68B31888FF2A00520140 /* Build configuration list for PBXProject "todoapp" */ = {
			isa = XCConfigurationList;
			buildConfigurations = (
				97CB68EB1888FF2A00520140 /* Debug */,
				97CB68EC1888FF2A00520140 /* Release */,
			);
			defaultConfigurationIsVisible = 0;
			defaultConfigurationName = Release;
		};
		97CB68ED1888FF2A00520140 /* Build configuration list for PBXNativeTarget "todoapp" */ = {
			isa = XCConfigurationList;
			buildConfigurations = (
				97CB68EE1888FF2A00520140 /* Debug */,
				97CB68EF1888FF2A00520140 /* Release */,
			);
			defaultConfigurationIsVisible = 0;
			defaultConfigurationName = Release;
		};
		97CB68F01888FF2A00520140 /* Build configuration list for PBXNativeTarget "todoappTests" */ = {
			isa = XCConfigurationList;
			buildConfigurations = (
				97CB68F11888FF2A00520140 /* Debug */,
				97CB68F21888FF2A00520140 /* Release */,
			);
			defaultConfigurationIsVisible = 0;
			defaultConfigurationName = Release;
		};
/* End XCConfigurationList section */
	};
	rootObject = 97CB68B01888FF2A00520140 /* Project object */;
}
